lockfileVersion: '9.0'

settings:
  autoInstallPeers: true
  excludeLinksFromLockfile: false

importers:

  .:
    dependencies:
      lunar-javascript:
        specifier: 1.7.7
        version: 1.7.7
    devDependencies:
      ical.js:
        specifier: 2.2.1
        version: 2.2.1

packages:

  ical.js@2.2.1:
    resolution: {integrity: sha512-yK/UlPbEs316igb/tjRgbFA8ZV75rCsBJp/hWOatpyaPNlgw0dGDmU+FoicOcwX4xXkeXOkYiOmCqNPFpNPkQg==}

  lunar-javascript@1.7.7:
    resolution: {integrity: sha512-u/KYiwPIBo/0bT+WWfU7qO1d+aqeB90Tuy4ErXenr2Gam0QcWeezUvtiOIyXR7HbVnW2I1DKfU0NBvzMZhbVQw==}

snapshots:

  ical.js@2.2.1: {}

  lunar-javascript@1.7.7: {}
